Microsoft Visual Studio Solution File, Format Version 12.00
# Visual Studio 15
VisualStudioVersion = 15.0.26430.6
MinimumVisualStudioVersion = 10.0.40219.1
Project("{FAE04EC0-301F-11D3-BF4B-00C04F79EFBC}") = "CustomerPortalApp", "CustomerPortalApp\CustomerPortalApp.csproj", "{4B879A02-712E-4E57-997E-C53671B16AE5}"
EndProject
Project("{FAE04EC0-301F-11D3-BF4B-00C04F79EFBC}") = "CustomerPortalApp.iOS", "CustomerPortalApp.iOS\CustomerPortalApp.iOS.csproj", "{F8A27044-4F66-4701-B294-195FE94DF520}"
EndProject
Project("{FAE04EC0-301F-11D3-BF4B-00C04F79EFBC}") = "CustomerPortalApp.Droid", "CustomerPortalApp.Droid\CustomerPortalApp.Droid.csproj", "{9E4F1B6C-28CC-4659-A56C-E9376948CC5C}"
EndProject
Project("{2150E333-8FDC-42A3-9474-1A3956D46DE8}") = "GrosvenorMobile", "GrosvenorMobile", "{568BE753-C2D4-4ECB-8757-B3442C9036DA}"
EndProject
Project("{FAE04EC0-301F-11D3-BF4B-00C04F79EFBC}") = "Grosvenor.Mobile.Common", "Grosvenor.Common\Grosvenor.Mobile.Common\Grosvenor.Mobile.Common.csproj", "{8D31B7FE-E852-463E-978B-8DAF64FE5EB1}"
EndProject
Project("{FAE04EC0-301F-11D3-BF4B-00C04F79EFBC}") = "CustomerPortal.DataAccess", "CustomerPortal.DataAccess\CustomerPortal.DataAccess.csproj", "{58E32955-F054-4921-8D5A-FCF57700FDC7}"
EndProject
Project("{FAE04EC0-301F-11D3-BF4B-00C04F79EFBC}") = "CustomerPortal.Facade", "CustomerPortal.Facade\CustomerPortal.Facade.csproj", "{657C69BB-632B-45F4-A01F-6BC3CF7204CB}"
EndProject
Project("{FAE04EC0-301F-11D3-BF4B-00C04F79EFBC}") = "CustomerPortal.Common", "CustomerPortal.Common\CustomerPortal.Common.csproj", "{2F86C768-5980-46EB-95DA-F1E313A5C316}"
EndProject
Project("{2150E333-8FDC-42A3-9474-1A3956D46DE8}") = "CustomerPortal.UnitTest", "CustomerPortal.UnitTest", "{9A0AE846-84C9-42EE-8AC5-0A7469428839}"
EndProject
Project("{FAE04EC0-301F-11D3-BF4B-00C04F79EFBC}") = "CustomerPortal.Test", "CustomerPortal.Test\CustomerPortal.Test.csproj", "{0AA70D81-DE64-48CE-AF3E-8FB1720D760E}"
EndProject
Project("{FAE04EC0-301F-11D3-BF4B-00C04F79EFBC}") = "CustomerPortal.Test.iOS", "CustomerPortal.Test\CustomerPortal.Test.iOS\CustomerPortal.Test.iOS.csproj", "{B7FB44ED-A219-4E2B-909B-02FFF6B8BC0A}"
EndProject
Project("{FAE04EC0-301F-11D3-BF4B-00C04F79EFBC}") = "CustomerPortal.Test.Android", "CustomerPortal.Test\CustomerPortal.Test.Android\CustomerPortal.Test.Android.csproj", "{9F934D0F-D4DF-4646-9C5A-C45EE86E8FA5}"
EndProject
Project("{FAE04EC0-301F-11D3-BF4B-00C04F79EFBC}") = "Grosvenor.Mobile.DataAccess", "Grosvenor.Mobile.DataAccess\Grosvenor.Mobile.DataAccess.csproj", "{67F9D3A8-F71E-4428-913F-C37AE82CDB24}"
EndProject
Project("{FAE04EC0-301F-11D3-BF4B-00C04F79EFBC}") = "Grosvenor.Mobile.Forms", "Grosvenor.Common\Grosvenor.Mobile.Forms\Grosvenor.Mobile.Forms.csproj", "{5D9F9C08-CDB5-4CD3-A807-8E3DBDFA58BE}"
EndProject
Project("{2150E333-8FDC-42A3-9474-1A3956D46DE8}") = "CustomerPortal.UITest", "CustomerPortal.UITest", "{00D47EB0-2679-4B02-B3B9-CE83DD090B16}"
EndProject
Project("{FAE04EC0-301F-11D3-BF4B-00C04F79EFBC}") = "CustomerPortal.UITest", "CustomerPortal.UITest.iOS\CustomerPortal.UITest.csproj", "{BF8FA504-B0F4-4E68-85E5-14E7B5A1F73C}"
EndProject
Global
	GlobalSection(SolutionConfigurationPlatforms) = preSolution
		Debug|Any CPU = Debug|Any CPU
		Debug|iPhone = Debug|iPhone
		Debug|iPhoneSimulator = Debug|iPhoneSimulator
		Fake|Any CPU = Fake|Any CPU
		Fake|iPhone = Fake|iPhone
		Fake|iPhoneSimulator = Fake|iPhoneSimulator
		Release|Any CPU = Release|Any CPU
		Release|iPhone = Release|iPhone
		Release|iPhoneSimulator = Release|iPhoneSimulator
	EndGlobalSection
	GlobalSection(ProjectConfigurationPlatforms) = postSolution
		{4B879A02-712E-4E57-997E-C53671B16AE5}.Debug|Any CPU.ActiveCfg = Debug|Any CPU
		{4B879A02-712E-4E57-997E-C53671B16AE5}.Debug|Any CPU.Build.0 = Debug|Any CPU
		{4B879A02-712E-4E57-997E-C53671B16AE5}.Debug|iPhone.ActiveCfg = Debug|Any CPU
		{4B879A02-712E-4E57-997E-C53671B16AE5}.Debug|iPhone.Build.0 = Debug|Any CPU
		{4B879A02-712E-4E57-997E-C53671B16AE5}.Debug|iPhoneSimulator.ActiveCfg = Debug|Any CPU
		{4B879A02-712E-4E57-997E-C53671B16AE5}.Debug|iPhoneSimulator.Build.0 = Debug|Any CPU
		{4B879A02-712E-4E57-997E-C53671B16AE5}.Fake|Any CPU.ActiveCfg = Fake|Any CPU
		{4B879A02-712E-4E57-997E-C53671B16AE5}.Fake|Any CPU.Build.0 = Fake|Any CPU
		{4B879A02-712E-4E57-997E-C53671B16AE5}.Fake|iPhone.ActiveCfg = Fake|Any CPU
		{4B879A02-712E-4E57-997E-C53671B16AE5}.Fake|iPhone.Build.0 = Fake|Any CPU
		{4B879A02-712E-4E57-997E-C53671B16AE5}.Fake|iPhoneSimulator.ActiveCfg = Fake|Any CPU
		{4B879A02-712E-4E57-997E-C53671B16AE5}.Fake|iPhoneSimulator.Build.0 = Fake|Any CPU
		{4B879A02-712E-4E57-997E-C53671B16AE5}.Release|Any CPU.ActiveCfg = Release|Any CPU
		{4B879A02-712E-4E57-997E-C53671B16AE5}.Release|Any CPU.Build.0 = Release|Any CPU
		{4B879A02-712E-4E57-997E-C53671B16AE5}.Release|iPhone.ActiveCfg = Release|Any CPU
		{4B879A02-712E-4E57-997E-C53671B16AE5}.Release|iPhone.Build.0 = Release|Any CPU
		{4B879A02-712E-4E57-997E-C53671B16AE5}.Release|iPhoneSimulator.ActiveCfg = Release|Any CPU
		{4B879A02-712E-4E57-997E-C53671B16AE5}.Release|iPhoneSimulator.Build.0 = Release|Any CPU
		{F8A27044-4F66-4701-B294-195FE94DF520}.Debug|Any CPU.ActiveCfg = Debug|iPhoneSimulator
		{F8A27044-4F66-4701-B294-195FE94DF520}.Debug|Any CPU.Build.0 = Debug|iPhoneSimulator
		{F8A27044-4F66-4701-B294-195FE94DF520}.Debug|iPhone.ActiveCfg = Debug|iPhone
		{F8A27044-4F66-4701-B294-195FE94DF520}.Debug|iPhone.Build.0 = Debug|iPhone
		{F8A27044-4F66-4701-B294-195FE94DF520}.Debug|iPhoneSimulator.ActiveCfg = Debug|iPhoneSimulator
		{F8A27044-4F66-4701-B294-195FE94DF520}.Debug|iPhoneSimulator.Build.0 = Debug|iPhoneSimulator
		{F8A27044-4F66-4701-B294-195FE94DF520}.Fake|Any CPU.ActiveCfg = Fake|iPhone
		{F8A27044-4F66-4701-B294-195FE94DF520}.Fake|iPhone.ActiveCfg = Fake|iPhone
		{F8A27044-4F66-4701-B294-195FE94DF520}.Fake|iPhone.Build.0 = Fake|iPhone
		{F8A27044-4F66-4701-B294-195FE94DF520}.Fake|iPhoneSimulator.ActiveCfg = Fake|iPhoneSimulator
		{F8A27044-4F66-4701-B294-195FE94DF520}.Fake|iPhoneSimulator.Build.0 = Fake|iPhoneSimulator
		{F8A27044-4F66-4701-B294-195FE94DF520}.Release|Any CPU.ActiveCfg = Release|iPhone
		{F8A27044-4F66-4701-B294-195FE94DF520}.Release|Any CPU.Build.0 = Release|iPhone
		{F8A27044-4F66-4701-B294-195FE94DF520}.Release|iPhone.ActiveCfg = Release|iPhone
		{F8A27044-4F66-4701-B294-195FE94DF520}.Release|iPhone.Build.0 = Release|iPhone
		{F8A27044-4F66-4701-B294-195FE94DF520}.Release|iPhoneSimulator.ActiveCfg = Release|iPhoneSimulator
		{F8A27044-4F66-4701-B294-195FE94DF520}.Release|iPhoneSimulator.Build.0 = Release|iPhoneSimulator
		{9E4F1B6C-28CC-4659-A56C-E9376948CC5C}.Debug|Any CPU.ActiveCfg = Debug|Any CPU
		{9E4F1B6C-28CC-4659-A56C-E9376948CC5C}.Debug|Any CPU.Build.0 = Debug|Any CPU
		{9E4F1B6C-28CC-4659-A56C-E9376948CC5C}.Debug|iPhone.ActiveCfg = Debug|Any CPU
		{9E4F1B6C-28CC-4659-A56C-E9376948CC5C}.Debug|iPhone.Build.0 = Debug|Any CPU
		{9E4F1B6C-28CC-4659-A56C-E9376948CC5C}.Debug|iPhoneSimulator.ActiveCfg = Debug|Any CPU
		{9E4F1B6C-28CC-4659-A56C-E9376948CC5C}.Debug|iPhoneSimulator.Build.0 = Debug|Any CPU
		{9E4F1B6C-28CC-4659-A56C-E9376948CC5C}.Fake|Any CPU.ActiveCfg = Fake|Any CPU
		{9E4F1B6C-28CC-4659-A56C-E9376948CC5C}.Fake|Any CPU.Build.0 = Fake|Any CPU
		{9E4F1B6C-28CC-4659-A56C-E9376948CC5C}.Fake|Any CPU.Deploy.0 = Fake|Any CPU
		{9E4F1B6C-28CC-4659-A56C-E9376948CC5C}.Fake|iPhone.ActiveCfg = Fake|Any CPU
		{9E4F1B6C-28CC-4659-A56C-E9376948CC5C}.Fake|iPhone.Build.0 = Fake|Any CPU
		{9E4F1B6C-28CC-4659-A56C-E9376948CC5C}.Fake|iPhone.Deploy.0 = Fake|Any CPU
		{9E4F1B6C-28CC-4659-A56C-E9376948CC5C}.Fake|iPhoneSimulator.ActiveCfg = Fake|Any CPU
		{9E4F1B6C-28CC-4659-A56C-E9376948CC5C}.Fake|iPhoneSimulator.Build.0 = Fake|Any CPU
		{9E4F1B6C-28CC-4659-A56C-E9376948CC5C}.Fake|iPhoneSimulator.Deploy.0 = Fake|Any CPU
		{9E4F1B6C-28CC-4659-A56C-E9376948CC5C}.Release|Any CPU.ActiveCfg = Release|Any CPU
		{9E4F1B6C-28CC-4659-A56C-E9376948CC5C}.Release|Any CPU.Build.0 = Release|Any CPU
		{9E4F1B6C-28CC-4659-A56C-E9376948CC5C}.Release|iPhone.ActiveCfg = Release|Any CPU
		{9E4F1B6C-28CC-4659-A56C-E9376948CC5C}.Release|iPhone.Build.0 = Release|Any CPU
		{9E4F1B6C-28CC-4659-A56C-E9376948CC5C}.Release|iPhoneSimulator.ActiveCfg = Release|Any CPU
		{9E4F1B6C-28CC-4659-A56C-E9376948CC5C}.Release|iPhoneSimulator.Build.0 = Release|Any CPU
		{8D31B7FE-E852-463E-978B-8DAF64FE5EB1}.Debug|Any CPU.ActiveCfg = Debug|Any CPU
		{8D31B7FE-E852-463E-978B-8DAF64FE5EB1}.Debug|Any CPU.Build.0 = Debug|Any CPU
		{8D31B7FE-E852-463E-978B-8DAF64FE5EB1}.Debug|iPhone.ActiveCfg = Debug|Any CPU
		{8D31B7FE-E852-463E-978B-8DAF64FE5EB1}.Debug|iPhone.Build.0 = Debug|Any CPU
		{8D31B7FE-E852-463E-978B-8DAF64FE5EB1}.Debug|iPhoneSimulator.ActiveCfg = Debug|Any CPU
		{8D31B7FE-E852-463E-978B-8DAF64FE5EB1}.Debug|iPhoneSimulator.Build.0 = Debug|Any CPU
		{8D31B7FE-E852-463E-978B-8DAF64FE5EB1}.Fake|Any CPU.ActiveCfg = Fake|Any CPU
		{8D31B7FE-E852-463E-978B-8DAF64FE5EB1}.Fake|Any CPU.Build.0 = Fake|Any CPU
		{8D31B7FE-E852-463E-978B-8DAF64FE5EB1}.Fake|iPhone.ActiveCfg = Fake|Any CPU
		{8D31B7FE-E852-463E-978B-8DAF64FE5EB1}.Fake|iPhone.Build.0 = Fake|Any CPU
		{8D31B7FE-E852-463E-978B-8DAF64FE5EB1}.Fake|iPhoneSimulator.ActiveCfg = Fake|Any CPU
		{8D31B7FE-E852-463E-978B-8DAF64FE5EB1}.Fake|iPhoneSimulator.Build.0 = Fake|Any CPU
		{8D31B7FE-E852-463E-978B-8DAF64FE5EB1}.Release|Any CPU.ActiveCfg = Release|Any CPU
		{8D31B7FE-E852-463E-978B-8DAF64FE5EB1}.Release|Any CPU.Build.0 = Release|Any CPU
		{8D31B7FE-E852-463E-978B-8DAF64FE5EB1}.Release|iPhone.ActiveCfg = Release|Any CPU
		{8D31B7FE-E852-463E-978B-8DAF64FE5EB1}.Release|iPhone.Build.0 = Release|Any CPU
		{8D31B7FE-E852-463E-978B-8DAF64FE5EB1}.Release|iPhoneSimulator.ActiveCfg = Release|Any CPU
		{8D31B7FE-E852-463E-978B-8DAF64FE5EB1}.Release|iPhoneSimulator.Build.0 = Release|Any CPU
		{58E32955-F054-4921-8D5A-FCF57700FDC7}.Debug|Any CPU.ActiveCfg = Debug|Any CPU
		{58E32955-F054-4921-8D5A-FCF57700FDC7}.Debug|Any CPU.Build.0 = Debug|Any CPU
		{58E32955-F054-4921-8D5A-FCF57700FDC7}.Debug|iPhone.ActiveCfg = Debug|Any CPU
		{58E32955-F054-4921-8D5A-FCF57700FDC7}.Debug|iPhone.Build.0 = Debug|Any CPU
		{58E32955-F054-4921-8D5A-FCF57700FDC7}.Debug|iPhoneSimulator.ActiveCfg = Debug|Any CPU
		{58E32955-F054-4921-8D5A-FCF57700FDC7}.Debug|iPhoneSimulator.Build.0 = Debug|Any CPU
		{58E32955-F054-4921-8D5A-FCF57700FDC7}.Fake|Any CPU.ActiveCfg = Fake|Any CPU
		{58E32955-F054-4921-8D5A-FCF57700FDC7}.Fake|Any CPU.Build.0 = Fake|Any CPU
		{58E32955-F054-4921-8D5A-FCF57700FDC7}.Fake|iPhone.ActiveCfg = Fake|Any CPU
		{58E32955-F054-4921-8D5A-FCF57700FDC7}.Fake|iPhone.Build.0 = Fake|Any CPU
		{58E32955-F054-4921-8D5A-FCF57700FDC7}.Fake|iPhoneSimulator.ActiveCfg = Fake|Any CPU
		{58E32955-F054-4921-8D5A-FCF57700FDC7}.Fake|iPhoneSimulator.Build.0 = Fake|Any CPU
		{58E32955-F054-4921-8D5A-FCF57700FDC7}.Release|Any CPU.ActiveCfg = Release|Any CPU
		{58E32955-F054-4921-8D5A-FCF57700FDC7}.Release|Any CPU.Build.0 = Release|Any CPU
		{58E32955-F054-4921-8D5A-FCF57700FDC7}.Release|iPhone.ActiveCfg = Release|Any CPU
		{58E32955-F054-4921-8D5A-FCF57700FDC7}.Release|iPhone.Build.0 = Release|Any CPU
		{58E32955-F054-4921-8D5A-FCF57700FDC7}.Release|iPhoneSimulator.ActiveCfg = Release|Any CPU
		{58E32955-F054-4921-8D5A-FCF57700FDC7}.Release|iPhoneSimulator.Build.0 = Release|Any CPU
		{657C69BB-632B-45F4-A01F-6BC3CF7204CB}.Debug|Any CPU.ActiveCfg = Debug|Any CPU
		{657C69BB-632B-45F4-A01F-6BC3CF7204CB}.Debug|Any CPU.Build.0 = Debug|Any CPU
		{657C69BB-632B-45F4-A01F-6BC3CF7204CB}.Debug|iPhone.ActiveCfg = Debug|Any CPU
		{657C69BB-632B-45F4-A01F-6BC3CF7204CB}.Debug|iPhone.Build.0 = Debug|Any CPU
		{657C69BB-632B-45F4-A01F-6BC3CF7204CB}.Debug|iPhoneSimulator.ActiveCfg = Debug|Any CPU
		{657C69BB-632B-45F4-A01F-6BC3CF7204CB}.Debug|iPhoneSimulator.Build.0 = Debug|Any CPU
		{657C69BB-632B-45F4-A01F-6BC3CF7204CB}.Fake|Any CPU.ActiveCfg = Fake|Any CPU
		{657C69BB-632B-45F4-A01F-6BC3CF7204CB}.Fake|Any CPU.Build.0 = Fake|Any CPU
		{657C69BB-632B-45F4-A01F-6BC3CF7204CB}.Fake|iPhone.ActiveCfg = Fake|Any CPU
		{657C69BB-632B-45F4-A01F-6BC3CF7204CB}.Fake|iPhone.Build.0 = Fake|Any CPU
		{657C69BB-632B-45F4-A01F-6BC3CF7204CB}.Fake|iPhoneSimulator.ActiveCfg = Fake|Any CPU
		{657C69BB-632B-45F4-A01F-6BC3CF7204CB}.Fake|iPhoneSimulator.Build.0 = Fake|Any CPU
		{657C69BB-632B-45F4-A01F-6BC3CF7204CB}.Release|Any CPU.ActiveCfg = Release|Any CPU
		{657C69BB-632B-45F4-A01F-6BC3CF7204CB}.Release|Any CPU.Build.0 = Release|Any CPU
		{657C69BB-632B-45F4-A01F-6BC3CF7204CB}.Release|iPhone.ActiveCfg = Release|Any CPU
		{657C69BB-632B-45F4-A01F-6BC3CF7204CB}.Release|iPhone.Build.0 = Release|Any CPU
		{657C69BB-632B-45F4-A01F-6BC3CF7204CB}.Release|iPhoneSimulator.ActiveCfg = Release|Any CPU
		{657C69BB-632B-45F4-A01F-6BC3CF7204CB}.Release|iPhoneSimulator.Build.0 = Release|Any CPU
		{2F86C768-5980-46EB-95DA-F1E313A5C316}.Debug|Any CPU.ActiveCfg = Debug|Any CPU
		{2F86C768-5980-46EB-95DA-F1E313A5C316}.Debug|Any CPU.Build.0 = Debug|Any CPU
		{2F86C768-5980-46EB-95DA-F1E313A5C316}.Debug|iPhone.ActiveCfg = Debug|Any CPU
		{2F86C768-5980-46EB-95DA-F1E313A5C316}.Debug|iPhone.Build.0 = Debug|Any CPU
		{2F86C768-5980-46EB-95DA-F1E313A5C316}.Debug|iPhoneSimulator.ActiveCfg = Debug|Any CPU
		{2F86C768-5980-46EB-95DA-F1E313A5C316}.Debug|iPhoneSimulator.Build.0 = Debug|Any CPU
		{2F86C768-5980-46EB-95DA-F1E313A5C316}.Fake|Any CPU.ActiveCfg = Fake|Any CPU
		{2F86C768-5980-46EB-95DA-F1E313A5C316}.Fake|Any CPU.Build.0 = Fake|Any CPU
		{2F86C768-5980-46EB-95DA-F1E313A5C316}.Fake|iPhone.ActiveCfg = Fake|Any CPU
		{2F86C768-5980-46EB-95DA-F1E313A5C316}.Fake|iPhone.Build.0 = Fake|Any CPU
		{2F86C768-5980-46EB-95DA-F1E313A5C316}.Fake|iPhoneSimulator.ActiveCfg = Fake|Any CPU
		{2F86C768-5980-46EB-95DA-F1E313A5C316}.Fake|iPhoneSimulator.Build.0 = Fake|Any CPU
		{2F86C768-5980-46EB-95DA-F1E313A5C316}.Release|Any CPU.ActiveCfg = Release|Any CPU
		{2F86C768-5980-46EB-95DA-F1E313A5C316}.Release|Any CPU.Build.0 = Release|Any CPU
		{2F86C768-5980-46EB-95DA-F1E313A5C316}.Release|iPhone.ActiveCfg = Release|Any CPU
		{2F86C768-5980-46EB-95DA-F1E313A5C316}.Release|iPhone.Build.0 = Release|Any CPU
		{2F86C768-5980-46EB-95DA-F1E313A5C316}.Release|iPhoneSimulator.ActiveCfg = Release|Any CPU
		{2F86C768-5980-46EB-95DA-F1E313A5C316}.Release|iPhoneSimulator.Build.0 = Release|Any CPU
		{0AA70D81-DE64-48CE-AF3E-8FB1720D760E}.Debug|Any CPU.ActiveCfg = Debug|Any CPU
		{0AA70D81-DE64-48CE-AF3E-8FB1720D760E}.Debug|Any CPU.Build.0 = Debug|Any CPU
		{0AA70D81-DE64-48CE-AF3E-8FB1720D760E}.Debug|iPhone.ActiveCfg = Debug|Any CPU
		{0AA70D81-DE64-48CE-AF3E-8FB1720D760E}.Debug|iPhone.Build.0 = Debug|Any CPU
		{0AA70D81-DE64-48CE-AF3E-8FB1720D760E}.Debug|iPhoneSimulator.ActiveCfg = Debug|Any CPU
		{0AA70D81-DE64-48CE-AF3E-8FB1720D760E}.Debug|iPhoneSimulator.Build.0 = Debug|Any CPU
		{0AA70D81-DE64-48CE-AF3E-8FB1720D760E}.Fake|Any CPU.ActiveCfg = Fake|Any CPU
		{0AA70D81-DE64-48CE-AF3E-8FB1720D760E}.Fake|Any CPU.Build.0 = Fake|Any CPU
		{0AA70D81-DE64-48CE-AF3E-8FB1720D760E}.Fake|iPhone.ActiveCfg = Fake|Any CPU
		{0AA70D81-DE64-48CE-AF3E-8FB1720D760E}.Fake|iPhone.Build.0 = Fake|Any CPU
		{0AA70D81-DE64-48CE-AF3E-8FB1720D760E}.Fake|iPhoneSimulator.ActiveCfg = Fake|Any CPU
		{0AA70D81-DE64-48CE-AF3E-8FB1720D760E}.Fake|iPhoneSimulator.Build.0 = Fake|Any CPU
		{0AA70D81-DE64-48CE-AF3E-8FB1720D760E}.Release|Any CPU.ActiveCfg = Release|Any CPU
		{0AA70D81-DE64-48CE-AF3E-8FB1720D760E}.Release|Any CPU.Build.0 = Release|Any CPU
		{0AA70D81-DE64-48CE-AF3E-8FB1720D760E}.Release|iPhone.ActiveCfg = Release|Any CPU
		{0AA70D81-DE64-48CE-AF3E-8FB1720D760E}.Release|iPhone.Build.0 = Release|Any CPU
		{0AA70D81-DE64-48CE-AF3E-8FB1720D760E}.Release|iPhoneSimulator.ActiveCfg = Release|Any CPU
		{0AA70D81-DE64-48CE-AF3E-8FB1720D760E}.Release|iPhoneSimulator.Build.0 = Release|Any CPU
		{B7FB44ED-A219-4E2B-909B-02FFF6B8BC0A}.Debug|Any CPU.ActiveCfg = Debug|iPhoneSimulator
		{B7FB44ED-A219-4E2B-909B-02FFF6B8BC0A}.Debug|Any CPU.Build.0 = Debug|iPhoneSimulator
		{B7FB44ED-A219-4E2B-909B-02FFF6B8BC0A}.Debug|iPhone.ActiveCfg = Debug|iPhone
		{B7FB44ED-A219-4E2B-909B-02FFF6B8BC0A}.Debug|iPhone.Build.0 = Debug|iPhone
		{B7FB44ED-A219-4E2B-909B-02FFF6B8BC0A}.Debug|iPhoneSimulator.ActiveCfg = Debug|iPhoneSimulator
		{B7FB44ED-A219-4E2B-909B-02FFF6B8BC0A}.Debug|iPhoneSimulator.Build.0 = Debug|iPhoneSimulator
		{B7FB44ED-A219-4E2B-909B-02FFF6B8BC0A}.Fake|Any CPU.ActiveCfg = Fake|iPhone
		{B7FB44ED-A219-4E2B-909B-02FFF6B8BC0A}.Fake|iPhone.ActiveCfg = Fake|iPhone
		{B7FB44ED-A219-4E2B-909B-02FFF6B8BC0A}.Fake|iPhone.Build.0 = Fake|iPhone
		{B7FB44ED-A219-4E2B-909B-02FFF6B8BC0A}.Fake|iPhoneSimulator.ActiveCfg = Fake|iPhoneSimulator
		{B7FB44ED-A219-4E2B-909B-02FFF6B8BC0A}.Fake|iPhoneSimulator.Build.0 = Fake|iPhoneSimulator
		{B7FB44ED-A219-4E2B-909B-02FFF6B8BC0A}.Release|Any CPU.ActiveCfg = Release|iPhone
		{B7FB44ED-A219-4E2B-909B-02FFF6B8BC0A}.Release|Any CPU.Build.0 = Release|iPhone
		{B7FB44ED-A219-4E2B-909B-02FFF6B8BC0A}.Release|iPhone.ActiveCfg = Release|iPhone
		{B7FB44ED-A219-4E2B-909B-02FFF6B8BC0A}.Release|iPhone.Build.0 = Release|iPhone
		{B7FB44ED-A219-4E2B-909B-02FFF6B8BC0A}.Release|iPhoneSimulator.ActiveCfg = Release|iPhoneSimulator
		{B7FB44ED-A219-4E2B-909B-02FFF6B8BC0A}.Release|iPhoneSimulator.Build.0 = Release|iPhoneSimulator
		{9F934D0F-D4DF-4646-9C5A-C45EE86E8FA5}.Debug|Any CPU.ActiveCfg = Debug|Any CPU
		{9F934D0F-D4DF-4646-9C5A-C45EE86E8FA5}.Debug|Any CPU.Build.0 = Debug|Any CPU
		{9F934D0F-D4DF-4646-9C5A-C45EE86E8FA5}.Debug|iPhone.ActiveCfg = Debug|Any CPU
		{9F934D0F-D4DF-4646-9C5A-C45EE86E8FA5}.Debug|iPhone.Build.0 = Debug|Any CPU
		{9F934D0F-D4DF-4646-9C5A-C45EE86E8FA5}.Debug|iPhoneSimulator.ActiveCfg = Debug|Any CPU
		{9F934D0F-D4DF-4646-9C5A-C45EE86E8FA5}.Debug|iPhoneSimulator.Build.0 = Debug|Any CPU
		{9F934D0F-D4DF-4646-9C5A-C45EE86E8FA5}.Fake|Any CPU.ActiveCfg = Fake|Any CPU
		{9F934D0F-D4DF-4646-9C5A-C45EE86E8FA5}.Fake|Any CPU.Build.0 = Fake|Any CPU
		{9F934D0F-D4DF-4646-9C5A-C45EE86E8FA5}.Fake|Any CPU.Deploy.0 = Fake|Any CPU
		{9F934D0F-D4DF-4646-9C5A-C45EE86E8FA5}.Fake|iPhone.ActiveCfg = Fake|Any CPU
		{9F934D0F-D4DF-4646-9C5A-C45EE86E8FA5}.Fake|iPhone.Build.0 = Fake|Any CPU
		{9F934D0F-D4DF-4646-9C5A-C45EE86E8FA5}.Fake|iPhone.Deploy.0 = Fake|Any CPU
		{9F934D0F-D4DF-4646-9C5A-C45EE86E8FA5}.Fake|iPhoneSimulator.ActiveCfg = Fake|Any CPU
		{9F934D0F-D4DF-4646-9C5A-C45EE86E8FA5}.Fake|iPhoneSimulator.Build.0 = Fake|Any CPU
		{9F934D0F-D4DF-4646-9C5A-C45EE86E8FA5}.Fake|iPhoneSimulator.Deploy.0 = Fake|Any CPU
		{9F934D0F-D4DF-4646-9C5A-C45EE86E8FA5}.Release|Any CPU.ActiveCfg = Release|Any CPU
		{9F934D0F-D4DF-4646-9C5A-C45EE86E8FA5}.Release|Any CPU.Build.0 = Release|Any CPU
		{9F934D0F-D4DF-4646-9C5A-C45EE86E8FA5}.Release|iPhone.ActiveCfg = Release|Any CPU
		{9F934D0F-D4DF-4646-9C5A-C45EE86E8FA5}.Release|iPhone.Build.0 = Release|Any CPU
		{9F934D0F-D4DF-4646-9C5A-C45EE86E8FA5}.Release|iPhoneSimulator.ActiveCfg = Release|Any CPU
		{9F934D0F-D4DF-4646-9C5A-C45EE86E8FA5}.Release|iPhoneSimulator.Build.0 = Release|Any CPU
		{67F9D3A8-F71E-4428-913F-C37AE82CDB24}.Debug|Any CPU.ActiveCfg = Debug|Any CPU
		{67F9D3A8-F71E-4428-913F-C37AE82CDB24}.Debug|Any CPU.Build.0 = Debug|Any CPU
		{67F9D3A8-F71E-4428-913F-C37AE82CDB24}.Debug|iPhone.ActiveCfg = Debug|Any CPU
		{67F9D3A8-F71E-4428-913F-C37AE82CDB24}.Debug|iPhone.Build.0 = Debug|Any CPU
		{67F9D3A8-F71E-4428-913F-C37AE82CDB24}.Debug|iPhoneSimulator.ActiveCfg = Debug|Any CPU
		{67F9D3A8-F71E-4428-913F-C37AE82CDB24}.Debug|iPhoneSimulator.Build.0 = Debug|Any CPU
		{67F9D3A8-F71E-4428-913F-C37AE82CDB24}.Fake|Any CPU.ActiveCfg = Fake|Any CPU
		{67F9D3A8-F71E-4428-913F-C37AE82CDB24}.Fake|Any CPU.Build.0 = Fake|Any CPU
		{67F9D3A8-F71E-4428-913F-C37AE82CDB24}.Fake|iPhone.ActiveCfg = Fake|Any CPU
		{67F9D3A8-F71E-4428-913F-C37AE82CDB24}.Fake|iPhone.Build.0 = Fake|Any CPU
		{67F9D3A8-F71E-4428-913F-C37AE82CDB24}.Fake|iPhoneSimulator.ActiveCfg = Fake|Any CPU
		{67F9D3A8-F71E-4428-913F-C37AE82CDB24}.Fake|iPhoneSimulator.Build.0 = Fake|Any CPU
		{67F9D3A8-F71E-4428-913F-C37AE82CDB24}.Release|Any CPU.ActiveCfg = Release|Any CPU
		{67F9D3A8-F71E-4428-913F-C37AE82CDB24}.Release|Any CPU.Build.0 = Release|Any CPU
		{67F9D3A8-F71E-4428-913F-C37AE82CDB24}.Release|iPhone.ActiveCfg = Release|Any CPU
		{67F9D3A8-F71E-4428-913F-C37AE82CDB24}.Release|iPhone.Build.0 = Release|Any CPU
		{67F9D3A8-F71E-4428-913F-C37AE82CDB24}.Release|iPhoneSimulator.ActiveCfg = Release|Any CPU
		{67F9D3A8-F71E-4428-913F-C37AE82CDB24}.Release|iPhoneSimulator.Build.0 = Release|Any CPU
		{5D9F9C08-CDB5-4CD3-A807-8E3DBDFA58BE}.Debug|Any CPU.ActiveCfg = Debug|Any CPU
		{5D9F9C08-CDB5-4CD3-A807-8E3DBDFA58BE}.Debug|Any CPU.Build.0 = Debug|Any CPU
		{5D9F9C08-CDB5-4CD3-A807-8E3DBDFA58BE}.Debug|iPhone.ActiveCfg = Debug|Any CPU
		{5D9F9C08-CDB5-4CD3-A807-8E3DBDFA58BE}.Debug|iPhone.Build.0 = Debug|Any CPU
		{5D9F9C08-CDB5-4CD3-A807-8E3DBDFA58BE}.Debug|iPhoneSimulator.ActiveCfg = Debug|Any CPU
		{5D9F9C08-CDB5-4CD3-A807-8E3DBDFA58BE}.Debug|iPhoneSimulator.Build.0 = Debug|Any CPU
		{5D9F9C08-CDB5-4CD3-A807-8E3DBDFA58BE}.Fake|Any CPU.ActiveCfg = Fake|Any CPU
		{5D9F9C08-CDB5-4CD3-A807-8E3DBDFA58BE}.Fake|Any CPU.Build.0 = Fake|Any CPU
		{5D9F9C08-CDB5-4CD3-A807-8E3DBDFA58BE}.Fake|iPhone.ActiveCfg = Fake|Any CPU
		{5D9F9C08-CDB5-4CD3-A807-8E3DBDFA58BE}.Fake|iPhone.Build.0 = Fake|Any CPU
		{5D9F9C08-CDB5-4CD3-A807-8E3DBDFA58BE}.Fake|iPhoneSimulator.ActiveCfg = Fake|Any CPU
		{5D9F9C08-CDB5-4CD3-A807-8E3DBDFA58BE}.Fake|iPhoneSimulator.Build.0 = Fake|Any CPU
		{5D9F9C08-CDB5-4CD3-A807-8E3DBDFA58BE}.Release|Any CPU.ActiveCfg = Release|Any CPU
		{5D9F9C08-CDB5-4CD3-A807-8E3DBDFA58BE}.Release|Any CPU.Build.0 = Release|Any CPU
		{5D9F9C08-CDB5-4CD3-A807-8E3DBDFA58BE}.Release|iPhone.ActiveCfg = Release|Any CPU
		{5D9F9C08-CDB5-4CD3-A807-8E3DBDFA58BE}.Release|iPhone.Build.0 = Release|Any CPU
		{5D9F9C08-CDB5-4CD3-A807-8E3DBDFA58BE}.Release|iPhoneSimulator.ActiveCfg = Release|Any CPU
		{5D9F9C08-CDB5-4CD3-A807-8E3DBDFA58BE}.Release|iPhoneSimulator.Build.0 = Release|Any CPU
		{BF8FA504-B0F4-4E68-85E5-14E7B5A1F73C}.Debug|Any CPU.ActiveCfg = Debug|Any CPU
		{BF8FA504-B0F4-4E68-85E5-14E7B5A1F73C}.Debug|Any CPU.Build.0 = Debug|Any CPU
		{BF8FA504-B0F4-4E68-85E5-14E7B5A1F73C}.Debug|iPhone.ActiveCfg = Debug|Any CPU
		{BF8FA504-B0F4-4E68-85E5-14E7B5A1F73C}.Debug|iPhone.Build.0 = Debug|Any CPU
		{BF8FA504-B0F4-4E68-85E5-14E7B5A1F73C}.Debug|iPhoneSimulator.ActiveCfg = Debug|Any CPU
		{BF8FA504-B0F4-4E68-85E5-14E7B5A1F73C}.Debug|iPhoneSimulator.Build.0 = Debug|Any CPU
		{BF8FA504-B0F4-4E68-85E5-14E7B5A1F73C}.Fake|Any CPU.ActiveCfg = Debug|Any CPU
		{BF8FA504-B0F4-4E68-85E5-14E7B5A1F73C}.Fake|Any CPU.Build.0 = Debug|Any CPU
		{BF8FA504-B0F4-4E68-85E5-14E7B5A1F73C}.Fake|iPhone.ActiveCfg = Debug|Any CPU
		{BF8FA504-B0F4-4E68-85E5-14E7B5A1F73C}.Fake|iPhone.Build.0 = Debug|Any CPU
		{BF8FA504-B0F4-4E68-85E5-14E7B5A1F73C}.Fake|iPhoneSimulator.ActiveCfg = Debug|Any CPU
		{BF8FA504-B0F4-4E68-85E5-14E7B5A1F73C}.Fake|iPhoneSimulator.Build.0 = Debug|Any CPU
		{BF8FA504-B0F4-4E68-85E5-14E7B5A1F73C}.Release|Any CPU.ActiveCfg = Release|Any CPU
		{BF8FA504-B0F4-4E68-85E5-14E7B5A1F73C}.Release|Any CPU.Build.0 = Release|Any CPU
		{BF8FA504-B0F4-4E68-85E5-14E7B5A1F73C}.Release|iPhone.ActiveCfg = Release|Any CPU
		{BF8FA504-B0F4-4E68-85E5-14E7B5A1F73C}.Release|iPhone.Build.0 = Release|Any CPU
		{BF8FA504-B0F4-4E68-85E5-14E7B5A1F73C}.Release|iPhoneSimulator.ActiveCfg = Release|Any CPU
		{BF8FA504-B0F4-4E68-85E5-14E7B5A1F73C}.Release|iPhoneSimulator.Build.0 = Release|Any CPU
	EndGlobalSection
	GlobalSection(SolutionProperties) = preSolution
		HideSolutionNode = FALSE
	EndGlobalSection
	GlobalSection(NestedProjects) = preSolution
		{8D31B7FE-E852-463E-978B-8DAF64FE5EB1} = {568BE753-C2D4-4ECB-8757-B3442C9036DA}
		{0AA70D81-DE64-48CE-AF3E-8FB1720D760E} = {9A0AE846-84C9-42EE-8AC5-0A7469428839}
		{B7FB44ED-A219-4E2B-909B-02FFF6B8BC0A} = {9A0AE846-84C9-42EE-8AC5-0A7469428839}
		{9F934D0F-D4DF-4646-9C5A-C45EE86E8FA5} = {9A0AE846-84C9-42EE-8AC5-0A7469428839}
		{67F9D3A8-F71E-4428-913F-C37AE82CDB24} = {568BE753-C2D4-4ECB-8757-B3442C9036DA}
		{5D9F9C08-CDB5-4CD3-A807-8E3DBDFA58BE} = {568BE753-C2D4-4ECB-8757-B3442C9036DA}
		{BF8FA504-B0F4-4E68-85E5-14E7B5A1F73C} = {00D47EB0-2679-4B02-B3B9-CE83DD090B16}
	EndGlobalSection
EndGlobal
